{
  "name": "rw-stream",
  "version": "0.3.0",
  "lockfileVersion": 1,
  "requires": true,
  "dependencies": {
    "balanced-match": {
      "version": "1.0.0",
      "resolved": "https://registry.npmjs.org/balanced-match/-/balanced-match-1.0.0.tgz",
      "integrity": "sha1-ibTRmasr7kneFk6gK4nORi1xt2c=",
      "dev": true
    },
    "brace-expansion": {
      "version": "1.1.11",
      "resolved": "https://registry.npmjs.org/brace-expansion/-/brace-expansion-1.1.11.tgz",
      "integrity": "sha512-iCuPHDFgrHX7H2vEI/5xpz07zSHB00TpugqhmYtVmMO6518mCuRMoOYFldEBl0g187ufozdaHgWKcYFb61qGiA==",
      "dev": true,
      "requires": {
        "balanced-match": "^1.0.0",
        "concat-map": "0.0.1"
      }
    },
    "concat-map": {
      "version": "0.0.1",
      "resolved": "https://registry.npmjs.org/concat-map/-/concat-map-0.0.1.tgz",
      "integrity": "sha1-2Klr13/Wjfd5OnMDajug1UBdR3s=",
      "dev": true
    },
    "eslint-plugin-es": {
      "version": "1.4.0",
      "resolved": "https://registry.npmjs.org/eslint-plugin-es/-/eslint-plugin-es-1.4.0.tgz",
      "integrity": "sha512-XfFmgFdIUDgvaRAlaXUkxrRg5JSADoRC8IkKLc/cISeR3yHVMefFHQZpcyXXEUUPHfy5DwviBcrfqlyqEwlQVw==",
      "dev": true,
      "requires": {
        "eslint-utils": "^1.3.0",
        "regexpp": "^2.0.1"
      }
    },
    "eslint-plugin-node": {
      "version": "9.1.0",
      "resolved": "https://registry.npmjs.org/eslint-plugin-node/-/eslint-plugin-node-9.1.0.tgz",
      "integrity": "sha512-ZwQYGm6EoV2cfLpE1wxJWsfnKUIXfM/KM09/TlorkukgCAwmkgajEJnPCmyzoFPQQkmvo5DrW/nyKutNIw36Mw==",
      "dev": true,
      "requires": {
        "eslint-plugin-es": "^1.4.0",
        "eslint-utils": "^1.3.1",
        "ignore": "^5.1.1",
        "minimatch": "^3.0.4",
        "resolve": "^1.10.1",
        "semver": "^6.1.0"
      }
    },
    "eslint-utils": {
      "version": "1.3.1",
      "resolved": "https://registry.npmjs.org/eslint-utils/-/eslint-utils-1.3.1.tgz",
      "integrity": "sha512-Z7YjnIldX+2XMcjr7ZkgEsOj/bREONV60qYeB/bjMAqqqZ4zxKyWX+BOUkdmRmA9riiIPVvo5x86m5elviOk0Q==",
      "dev": true
    },
    "ignore": {
      "version": "5.1.2",
      "resolved": "https://registry.npmjs.org/ignore/-/ignore-5.1.2.tgz",
      "integrity": "sha512-vdqWBp7MyzdmHkkRWV5nY+PfGRbYbahfuvsBCh277tq+w9zyNi7h5CYJCK0kmzti9kU+O/cB7sE8HvKv6aXAKQ==",
      "dev": true
    },
    "minimatch": {
      "version": "3.0.4",
      "resolved": "https://registry.npmjs.org/minimatch/-/minimatch-3.0.4.tgz",
      "integrity": "sha512-yJHVQEhyqPLUTgt9B83PXu6W3rx4MvvHvSUvToogpwoGDOUQ+yDrR0HRot+yOCdCO7u4hX3pWft6kWBBcqh0UA==",
      "dev": true,
      "requires": {
        "brace-expansion": "^1.1.7"
      }
    },
    "papaparse": {
      "version": "5.0.0",
      "resolved": "https://registry.npmjs.org/papaparse/-/papaparse-5.0.0.tgz",
      "integrity": "sha512-gCqNseOMB5RInYXR051oWfCIZZI9ldhijkeMj0kNYLpE/hSRLHaW8ctoK4h3IuS1v8l+PovsV96LjXtgmzHRxA==",
      "dev": true
    },
    "path-parse": {
      "version": "1.0.6",
      "resolved": "https://registry.npmjs.org/path-parse/-/path-parse-1.0.6.tgz",
      "integrity": "sha512-GSmOT2EbHrINBf9SR7CDELwlJ8AENk3Qn7OikK4nFYAu3Ote2+JYNVvkpAEQm3/TLNEJFD/xZJjzyxg3KBWOzw==",
      "dev": true
    },
    "regexpp": {
      "version": "2.0.1",
      "resolved": "https://registry.npmjs.org/regexpp/-/regexpp-2.0.1.tgz",
      "integrity": "sha512-lv0M6+TkDVniA3aD1Eg0DVpfU/booSu7Eev3TDO/mZKHBfVjgCGTV4t4buppESEYDtkArYFOxTJWv6S5C+iaNw==",
      "dev": true
    },
    "rereadable-stream": {
      "version": "1.2.1",
      "resolved": "https://registry.npmjs.org/rereadable-stream/-/rereadable-stream-1.2.1.tgz",
      "integrity": "sha512-HEM3hyrgtNV2JWFh9093xL3p9yE0wMdkMXtg+r4z+ceauhLApL92dCRlAbffb9fZ4TO7Yu+dwKpbZJBx85kf2w==",
      "dev": true
    },
    "resolve": {
      "version": "1.11.0",
      "resolved": "https://registry.npmjs.org/resolve/-/resolve-1.11.0.tgz",
      "integrity": "sha512-WL2pBDjqT6pGUNSUzMw00o4T7If+z4H2x3Gz893WoUQ5KW8Vr9txp00ykiP16VBaZF5+j/OcXJHZ9+PCvdiDKw==",
      "dev": true,
      "requires": {
        "path-parse": "^1.0.6"
      }
    },
    "scramjet": {
      "version": "4.25.1",
      "resolved": "https://registry.npmjs.org/scramjet/-/scramjet-4.25.1.tgz",
      "integrity": "sha512-1gZ6fcrnqqTwXz4uinLpMI8Os0UMp4eUFmvOtO1FJbr2YsEmRezKWlNrmlwCrFkiYZZ6zli0X0YNI5Jgn3yy7Q==",
      "dev": true,
      "requires": {
        "papaparse": "^5.0.0",
        "rereadable-stream": "^1.2.1",
        "scramjet-core": "^4.22.2"
      }
    },
    "scramjet-core": {
      "version": "4.22.2",
      "resolved": "https://registry.npmjs.org/scramjet-core/-/scramjet-core-4.22.2.tgz",
      "integrity": "sha512-AaRdlBpE1QKgniqmdasu9tN3mSKb0gPoMJbTDTlZrcjMI44Twrvbf585qL2ud+Tucf9oXXSiNZQQMdmBXqvUxw==",
      "dev": true
    },
    "semver": {
      "version": "6.1.1",
      "resolved": "https://registry.npmjs.org/semver/-/semver-6.1.1.tgz",
      "integrity": "sha512-rWYq2e5iYW+fFe/oPPtYJxYgjBm8sC4rmoGdUOgBB7VnwKt6HrL793l2voH1UlsyYZpJ4g0wfjnTEO1s1NP2eQ==",
      "dev": true
    }
  }
}
